// !$*UTF8*$!
{
	archiveVersion = 1;
	classes = {
	};
	objectVersion = 46;
	objects = {

/* Begin PBXBuildFile section */
		6EAAFAE519E8E3AE00243453 /* radarlib.c in Sources */ = {isa = PBXBuildFile; fileRef = 6EA6B61E19E6122A0066ECA2 /* radarlib.c */; };
		6EAAFAE819E8E3D500243453 /* radarlib.h in Headers */ = {isa = PBXBuildFile; fileRef = 6EA6B61F19E6122A0066ECA2 /* radarlib.h */; settings = {ATTRIBUTES = (Public, ); }; };
		6EAAFAFA19E8E64700243453 /* main.c in Sources */ = {isa = PBXBuildFile; fileRef = 6EAAFAED19E8E54900243453 /* main.c */; };
		6EAAFAFC19E8E64700243453 /* libbz2.dylib in Frameworks */ = {isa = PBXBuildFile; fileRef = 6EAAFAF419E8E5A300243453 /* libbz2.dylib */; };
		6EAAFAFD19E8E64700243453 /* libz.dylib in Frameworks */ = {isa = PBXBuildFile; fileRef = 6EAAFAF219E8E59C00243453 /* libz.dylib */; };
		6EAAFAFE19E8E64700243453 /* libCRDFLib.a in Frameworks */ = {isa = PBXBuildFile; fileRef = 6EAAFAE119E8E39400243453 /* libCRDFLib.a */; };
/* End PBXBuildFile section */

/* Begin PBXContainerItemProxy section */
		6EAAFAF819E8E64700243453 /* PBXContainerItemProxy */ = {
			isa = PBXContainerItemProxy;
			containerPortal = 6EA6B60C19E610180066ECA2 /* Project object */;
			proxyType = 1;
			remoteGlobalIDString = 6EAAFAE019E8E39400243453;
			remoteInfo = CRDFLib;
		};
/* End PBXContainerItemProxy section */

/* Begin PBXCopyFilesBuildPhase section */
		6EAAFAFF19E8E64700243453 /* CopyFiles */ = {
			isa = PBXCopyFilesBuildPhase;
			buildActionMask = 2147483647;
			dstPath = /usr/share/man/man1/;
			dstSubfolderSpec = 0;
			files = (
			);
			runOnlyForDeploymentPostprocessing = 1;
		};
/* End PBXCopyFilesBuildPhase section */

/* Begin PBXFileReference section */
		6EA6B61E19E6122A0066ECA2 /* radarlib.c */ = {isa = PBXFileReference; fileEncoding = 4; lastKnownFileType = sourcecode.c.c; path = radarlib.c; sourceTree = "<group>"; };
		6EA6B61F19E6122A0066ECA2 /* radarlib.h */ = {isa = PBXFileReference; fileEncoding = 4; lastKnownFileType = sourcecode.c.h; path = radarlib.h; sourceTree = "<group>"; };
		6EA6B62319E760140066ECA2 /* KSGF_20141010_0020 */ = {isa = PBXFileReference; lastKnownFileType = file; path = KSGF_20141010_0020; sourceTree = "<group>"; };
		6EAAFAE119E8E39400243453 /* libCRDFLib.a */ = {isa = PBXFileReference; explicitFileType = archive.ar; includeInIndex = 0; path = libCRDFLib.a; sourceTree = BUILT_PRODUCTS_DIR; };
		6EAAFAED19E8E54900243453 /* main.c */ = {isa = PBXFileReference; fileEncoding = 4; lastKnownFileType = sourcecode.c.c; name = main.c; path = RadarLib/main.c; sourceTree = SOURCE_ROOT; };
		6EAAFAF219E8E59C00243453 /* libz.dylib */ = {isa = PBXFileReference; lastKnownFileType = "compiled.mach-o.dylib"; name = libz.dylib; path = usr/lib/libz.dylib; sourceTree = SDKROOT; };
		6EAAFAF419E8E5A300243453 /* libbz2.dylib */ = {isa = PBXFileReference; lastKnownFileType = "compiled.mach-o.dylib"; name = libbz2.dylib; path = usr/lib/libbz2.dylib; sourceTree = SDKROOT; };
		6EAAFB0319E8E64700243453 /* CRDFTool */ = {isa = PBXFileReference; explicitFileType = "compiled.mach-o.executable"; includeInIndex = 0; path = CRDFTool; sourceTree = BUILT_PRODUCTS_DIR; };
/* End PBXFileReference section */

/* Begin PBXFrameworksBuildPhase section */
		6EAAFADE19E8E39400243453 /* Frameworks */ = {
			isa = PBXFrameworksBuildPhase;
			buildActionMask = 2147483647;
			files = (
			);
			runOnlyForDeploymentPostprocessing = 0;
		};
		6EAAFAFB19E8E64700243453 /* Frameworks */ = {
			isa = PBXFrameworksBuildPhase;
			buildActionMask = 2147483647;
			files = (
				6EAAFAFC19E8E64700243453 /* libbz2.dylib in Frameworks */,
				6EAAFAFD19E8E64700243453 /* libz.dylib in Frameworks */,
				6EAAFAFE19E8E64700243453 /* libCRDFLib.a in Frameworks */,
			);
			runOnlyForDeploymentPostprocessing = 0;
		};
/* End PBXFrameworksBuildPhase section */

/* Begin PBXGroup section */
		6EA6B60B19E610180066ECA2 = {
			isa = PBXGroup;
			children = (
				6EAAFAF419E8E5A300243453 /* libbz2.dylib */,
				6EAAFAF219E8E59C00243453 /* libz.dylib */,
				6EA6B61619E610180066ECA2 /* RadarLib */,
				6EAAFACF19E8E1A100243453 /* Utilities */,
				6EA6B61519E610180066ECA2 /* Products */,
			);
			sourceTree = "<group>";
		};
		6EA6B61519E610180066ECA2 /* Products */ = {
			isa = PBXGroup;
			children = (
				6EAAFAE119E8E39400243453 /* libCRDFLib.a */,
				6EAAFB0319E8E64700243453 /* CRDFTool */,
			);
			name = Products;
			sourceTree = "<group>";
		};
		6EA6B61619E610180066ECA2 /* RadarLib */ = {
			isa = PBXGroup;
			children = (
				6EA6B61E19E6122A0066ECA2 /* radarlib.c */,
				6EA6B61F19E6122A0066ECA2 /* radarlib.h */,
				6EA6B62319E760140066ECA2 /* KSGF_20141010_0020 */,
			);
			path = RadarLib;
			sourceTree = "<group>";
		};
		6EAAFACF19E8E1A100243453 /* Utilities */ = {
			isa = PBXGroup;
			children = (
				6EAAFAED19E8E54900243453 /* main.c */,
			);
			name = Utilities;
			path = HeaderTest;
			sourceTree = "<group>";
		};
/* End PBXGroup section */

/* Begin PBXHeadersBuildPhase section */
		6EAAFADF19E8E39400243453 /* Headers */ = {
			isa = PBXHeadersBuildPhase;
			buildActionMask = 2147483647;
			files = (
				6EAAFAE819E8E3D500243453 /* radarlib.h in Headers */,
			);
			runOnlyForDeploymentPostprocessing = 0;
		};
/* End PBXHeadersBuildPhase section */

/* Begin PBXNativeTarget section */
		6EAAFAE019E8E39400243453 /* CRDFLib */ = {
			isa = PBXNativeTarget;
			buildConfigurationList = 6EAAFAE219E8E39400243453 /* Build configuration list for PBXNativeTarget "CRDFLib" */;
			buildPhases = (
				6EAAFADD19E8E39400243453 /* Sources */,
				6EAAFADE19E8E39400243453 /* Frameworks */,
				6EAAFADF19E8E39400243453 /* Headers */,
			);
			buildRules = (
			);
			dependencies = (
			);
			name = CRDFLib;
			productName = CRDFLib;
			productReference = 6EAAFAE119E8E39400243453 /* libCRDFLib.a */;
			productType = "com.apple.product-type.library.static";
		};
		6EAAFAF619E8E64700243453 /* CRDFTool  */ = {
			isa = PBXNativeTarget;
			buildConfigurationList = 6EAAFB0019E8E64700243453 /* Build configuration list for PBXNativeTarget "CRDFTool " */;
			buildPhases = (
				6EAAFAF919E8E64700243453 /* Sources */,
				6EAAFAFB19E8E64700243453 /* Frameworks */,
				6EAAFAFF19E8E64700243453 /* CopyFiles */,
			);
			buildRules = (
			);
			dependencies = (
				6EAAFAF719E8E64700243453 /* PBXTargetDependency */,
			);
			name = "CRDFTool ";
			productName = HeaderTest;
			productReference = 6EAAFB0319E8E64700243453 /* CRDFTool */;
			productType = "com.apple.product-type.tool";
		};
/* End PBXNativeTarget section */

/* Begin PBXProject section */
		6EA6B60C19E610180066ECA2 /* Project object */ = {
			isa = PBXProject;
			attributes = {
				LastUpgradeCheck = 0600;
				ORGANIZATIONNAME = "Karl Bloedorn";
				TargetAttributes = {
					6EAAFAE019E8E39400243453 = {
						CreatedOnToolsVersion = 6.0.1;
					};
				};
			};
			buildConfigurationList = 6EA6B60F19E610180066ECA2 /* Build configuration list for PBXProject "RadarLib" */;
			compatibilityVersion = "Xcode 3.2";
			developmentRegion = English;
			hasScannedForEncodings = 0;
			knownRegions = (
				en,
			);
			mainGroup = 6EA6B60B19E610180066ECA2;
			productRefGroup = 6EA6B61519E610180066ECA2 /* Products */;
			projectDirPath = "";
			projectRoot = "";
			targets = (
				6EAAFAE019E8E39400243453 /* CRDFLib */,
				6EAAFAF619E8E64700243453 /* CRDFTool  */,
			);
		};
/* End PBXProject section */

/* Begin PBXSourcesBuildPhase section */
		6EAAFADD19E8E39400243453 /* Sources */ = {
			isa = PBXSourcesBuildPhase;
			buildActionMask = 2147483647;
			files = (
				6EAAFAE519E8E3AE00243453 /* radarlib.c in Sources */,
			);
			runOnlyForDeploymentPostprocessing = 0;
		};
		6EAAFAF919E8E64700243453 /* Sources */ = {
			isa = PBXSourcesBuildPhase;
			buildActionMask = 2147483647;
			files = (
				6EAAFAFA19E8E64700243453 /* main.c in Sources */,
			);
			runOnlyForDeploymentPostprocessing = 0;
		};
/* End PBXSourcesBuildPhase section */

/* Begin PBXTargetDependency section */
		6EAAFAF719E8E64700243453 /* PBXTargetDependency */ = {
			isa = PBXTargetDependency;
			target = 6EAAFAE019E8E39400243453 /* CRDFLib */;
			targetProxy = 6EAAFAF819E8E64700243453 /* PBXContainerItemProxy */;
		};
/* End PBXTargetDependency section */

/* Begin XCBuildConfiguration section */
		6EA6B61919E610180066ECA2 /* Debug */ = {
			isa = XCBuildConfiguration;
			buildSettings = {
				ALWAYS_SEARCH_USER_PATHS = NO;
				CLANG_CXX_LANGUAGE_STANDARD = "gnu++0x";
				CLANG_CXX_LIBRARY = "libc++";
				CLANG_ENABLE_MODULES = YES;
				CLANG_ENABLE_OBJC_ARC = YES;
				CLANG_WARN_BOOL_CONVERSION = YES;
				CLANG_WARN_CONSTANT_CONVERSION = YES;
				CLANG_WARN_DIRECT_OBJC_ISA_USAGE = YES_ERROR;
				CLANG_WARN_EMPTY_BODY = YES;
				CLANG_WARN_ENUM_CONVERSION = YES;
				CLANG_WARN_INT_CONVERSION = YES;
				CLANG_WARN_OBJC_ROOT_CLASS = YES_ERROR;
				CLANG_WARN_UNREACHABLE_CODE = YES;
				CLANG_WARN__DUPLICATE_METHOD_MATCH = YES;
				COPY_PHASE_STRIP = NO;
				ENABLE_STRICT_OBJC_MSGSEND = YES;
				GCC_C_LANGUAGE_STANDARD = gnu99;
				GCC_DYNAMIC_NO_PIC = NO;
				GCC_OPTIMIZATION_LEVEL = 0;
				GCC_PREPROCESSOR_DEFINITIONS = (
					"DEBUG=1",
					"$(inherited)",
				);
				GCC_SYMBOLS_PRIVATE_EXTERN = NO;
				GCC_WARN_64_TO_32_BIT_CONVERSION = YES;
				GCC_WARN_ABOUT_RETURN_TYPE = YES_ERROR;
				GCC_WARN_UNDECLARED_SELECTOR = YES;
				GCC_WARN_UNINITIALIZED_AUTOS = YES_AGGRESSIVE;
				GCC_WARN_UNUSED_FUNCTION = YES;
				GCC_WARN_UNUSED_VARIABLE = YES;
				MACOSX_DEPLOYMENT_TARGET = 10.9;
				MTL_ENABLE_DEBUG_INFO = YES;
				ONLY_ACTIVE_ARCH = YES;
				SDKROOT = macosx;
			};
			name = Debug;
		};
		6EA6B61A19E610180066ECA2 /* Release */ = {
			isa = XCBuildConfiguration;
			buildSettings = {
				ALWAYS_SEARCH_USER_PATHS = NO;
				CLANG_CXX_LANGUAGE_STANDARD = "gnu++0x";
				CLANG_CXX_LIBRARY = "libc++";
				CLANG_ENABLE_MODULES = YES;
				CLANG_ENABLE_OBJC_ARC = YES;
				CLANG_WARN_BOOL_CONVERSION = YES;
				CLANG_WARN_CONSTANT_CONVERSION = YES;
				CLANG_WARN_DIRECT_OBJC_ISA_USAGE = YES_ERROR;
				CLANG_WARN_EMPTY_BODY = YES;
				CLANG_WARN_ENUM_CONVERSION = YES;
				CLANG_WARN_INT_CONVERSION = YES;
				CLANG_WARN_OBJC_ROOT_CLASS = YES_ERROR;
				CLANG_WARN_UNREACHABLE_CODE = YES;
				CLANG_WARN__DUPLICATE_METHOD_MATCH = YES;
				COPY_PHASE_STRIP = YES;
				DEBUG_INFORMATION_FORMAT = "dwarf-with-dsym";
				ENABLE_NS_ASSERTIONS = NO;
				ENABLE_STRICT_OBJC_MSGSEND = YES;
				GCC_C_LANGUAGE_STANDARD = gnu99;
				GCC_WARN_64_TO_32_BIT_CONVERSION = YES;
				GCC_WARN_ABOUT_RETURN_TYPE = YES_ERROR;
				GCC_WARN_UNDECLARED_SELECTOR = YES;
				GCC_WARN_UNINITIALIZED_AUTOS = YES_AGGRESSIVE;
				GCC_WARN_UNUSED_FUNCTION = YES;
				GCC_WARN_UNUSED_VARIABLE = YES;
				MACOSX_DEPLOYMENT_TARGET = 10.9;
				MTL_ENABLE_DEBUG_INFO = NO;
				SDKROOT = macosx;
			};
			name = Release;
		};
		6EAAFAE319E8E39400243453 /* Debug */ = {
			isa = XCBuildConfiguration;
			buildSettings = {
				EXECUTABLE_PREFIX = lib;
				GCC_PREPROCESSOR_DEFINITIONS = (
					"DEBUG=1",
					"$(inherited)",
				);
				PRODUCT_NAME = "$(TARGET_NAME)";
			};
			name = Debug;
		};
		6EAAFAE419E8E39400243453 /* Release */ = {
			isa = XCBuildConfiguration;
			buildSettings = {
				EXECUTABLE_PREFIX = lib;
				PRODUCT_NAME = "$(TARGET_NAME)";
			};
			name = Release;
		};
		6EAAFB0119E8E64700243453 /* Debug */ = {
			isa = XCBuildConfiguration;
			buildSettings = {
				GCC_PREPROCESSOR_DEFINITIONS = (
					"DEBUG=1",
					"$(inherited)",
				);
				PRODUCT_NAME = CRDFTool;
			};
			name = Debug;
		};
		6EAAFB0219E8E64700243453 /* Release */ = {
			isa = XCBuildConfiguration;
			buildSettings = {
				PRODUCT_NAME = CRDFTool;
			};
			name = Release;
		};
/* End XCBuildConfiguration section */

/* Begin XCConfigurationList section */
		6EA6B60F19E610180066ECA2 /* Build configuration list for PBXProject "RadarLib" */ = {
			isa = XCConfigurationList;
			buildConfigurations = (
				6EA6B61919E610180066ECA2 /* Debug */,
				6EA6B61A19E610180066ECA2 /* Release */,
			);
			defaultConfigurationIsVisible = 0;
			defaultConfigurationName = Release;
		};
		6EAAFAE219E8E39400243453 /* Build configuration list for PBXNativeTarget "CRDFLib" */ = {
			isa = XCConfigurationList;
			buildConfigurations = (
				6EAAFAE319E8E39400243453 /* Debug */,
				6EAAFAE419E8E39400243453 /* Release */,
			);
			defaultConfigurationIsVisible = 0;
			defaultConfigurationName = Release;
		};
		6EAAFB0019E8E64700243453 /* Build configuration list for PBXNativeTarget "CRDFTool " */ = {
			isa = XCConfigurationList;
			buildConfigurations = (
				6EAAFB0119E8E64700243453 /* Debug */,
				6EAAFB0219E8E64700243453 /* Release */,
			);
			defaultConfigurationIsVisible = 0;
			defaultConfigurationName = Release;
		};
/* End XCConfigurationList section */
	};
	rootObject = 6EA6B60C19E610180066ECA2 /* Project object */;
}
