// !$*UTF8*$!
{
	archiveVersion = 1;
	classes = {
	};
	objectVersion = 46;
	objects = {

/* Begin PBXBuildFile section */
		6E19A66819ECDBD70007EEF8 /* testfile3.bin in Resources */ = {isa = PBXBuildFile; fileRef = 6E19A66719ECDBD70007EEF8 /* testfile3.bin */; };
		6E19A66B19ECDE320007EEF8 /* radarparser.c in Sources */ = {isa = PBXBuildFile; fileRef = 6E19A66919ECDE320007EEF8 /* radarparser.c */; };
		6E262ABB19E2471E00F5BADE /* level3test8.bin in Resources */ = {isa = PBXBuildFile; fileRef = 6E262ABA19E2471E00F5BADE /* level3test8.bin */; };
		6E262ABD19E2497000F5BADE /* level3test9.bin in Resources */ = {isa = PBXBuildFile; fileRef = 6E262ABC19E2497000F5BADE /* level3test9.bin */; };
		6EB33AEE19DE3E6C00358C5E /* main.m in Sources */ = {isa = PBXBuildFile; fileRef = 6EB33AED19DE3E6C00358C5E /* main.m */; };
		6EB33AF119DE3E6C00358C5E /* AppDelegate.m in Sources */ = {isa = PBXBuildFile; fileRef = 6EB33AF019DE3E6C00358C5E /* AppDelegate.m */; };
		6EB33AF419DE3E6C00358C5E /* RadarViewController.m in Sources */ = {isa = PBXBuildFile; fileRef = 6EB33AF319DE3E6C00358C5E /* RadarViewController.m */; };
		6EB33AF719DE3E6C00358C5E /* Main.storyboard in Resources */ = {isa = PBXBuildFile; fileRef = 6EB33AF519DE3E6C00358C5E /* Main.storyboard */; };
		6EB33AF919DE3E6C00358C5E /* Images.xcassets in Resources */ = {isa = PBXBuildFile; fileRef = 6EB33AF819DE3E6C00358C5E /* Images.xcassets */; };
		6EB33AFC19DE3E6C00358C5E /* LaunchScreen.xib in Resources */ = {isa = PBXBuildFile; fileRef = 6EB33AFA19DE3E6C00358C5E /* LaunchScreen.xib */; };
		6EB33B0819DE3E6C00358C5E /* WeatherRadarTests.m in Sources */ = {isa = PBXBuildFile; fileRef = 6EB33B0719DE3E6C00358C5E /* WeatherRadarTests.m */; };
		6EB33B3419DE3F9A00358C5E /* libGoogleAdMobAds.a in Frameworks */ = {isa = PBXBuildFile; fileRef = 6EB33B3219DE3F9A00358C5E /* libGoogleAdMobAds.a */; };
		6EB33B3519DE3F9A00358C5E /* README.txt in Resources */ = {isa = PBXBuildFile; fileRef = 6EB33B3319DE3F9A00358C5E /* README.txt */; };
		6EB33B3719DE3FBF00358C5E /* AdSupport.framework in Frameworks */ = {isa = PBXBuildFile; fileRef = 6EB33B3619DE3FBF00358C5E /* AdSupport.framework */; };
		6EB33B3919DE3FC500358C5E /* AudioToolbox.framework in Frameworks */ = {isa = PBXBuildFile; fileRef = 6EB33B3819DE3FC500358C5E /* AudioToolbox.framework */; };
		6EB33B3B19DE3FCA00358C5E /* AVFoundation.framework in Frameworks */ = {isa = PBXBuildFile; fileRef = 6EB33B3A19DE3FCA00358C5E /* AVFoundation.framework */; };
		6EB33B3D19DE3FD400358C5E /* CoreFoundation.framework in Frameworks */ = {isa = PBXBuildFile; fileRef = 6EB33B3C19DE3FD400358C5E /* CoreFoundation.framework */; };
		6EB33B3F19DE3FD900358C5E /* CoreTelephony.framework in Frameworks */ = {isa = PBXBuildFile; fileRef = 6EB33B3E19DE3FD900358C5E /* CoreTelephony.framework */; };
		6EB33B4119DE3FDE00358C5E /* MessageUI.framework in Frameworks */ = {isa = PBXBuildFile; fileRef = 6EB33B4019DE3FDE00358C5E /* MessageUI.framework */; };
		6EB33B4319DE3FE300358C5E /* StoreKit.framework in Frameworks */ = {isa = PBXBuildFile; fileRef = 6EB33B4219DE3FE300358C5E /* StoreKit.framework */; };
		6EB33B4519DE3FEA00358C5E /* SystemConfiguration.framework in Frameworks */ = {isa = PBXBuildFile; fileRef = 6EB33B4419DE3FEA00358C5E /* SystemConfiguration.framework */; };
		6EB33B4919DE413400358C5E /* EventKitUI.framework in Frameworks */ = {isa = PBXBuildFile; fileRef = 6EB33B4819DE413400358C5E /* EventKitUI.framework */; };
		6EB33B4B19DE417E00358C5E /* EventKit.framework in Frameworks */ = {isa = PBXBuildFile; fileRef = 6EB33B4619DE412E00358C5E /* EventKit.framework */; };
		6EB33B4D19DE4E0900358C5E /* GLKit.framework in Frameworks */ = {isa = PBXBuildFile; fileRef = 6EB33B4C19DE4E0900358C5E /* GLKit.framework */; };
		6EB33B4F19DE4E0D00358C5E /* OpenGLES.framework in Frameworks */ = {isa = PBXBuildFile; fileRef = 6EB33B4E19DE4E0D00358C5E /* OpenGLES.framework */; };
		6EB33B5119DE74FF00358C5E /* QuartzCore.framework in Frameworks */ = {isa = PBXBuildFile; fileRef = 6EB33B5019DE74FF00358C5E /* QuartzCore.framework */; };
		6EB33B6119DE79D300358C5E /* county_lines.shp in Resources */ = {isa = PBXBuildFile; fileRef = 6EB33B5319DE79D300358C5E /* county_lines.shp */; };
		6EB33B6319DE79D300358C5E /* 702-share-toolbar.png in Resources */ = {isa = PBXBuildFile; fileRef = 6EB33B5619DE79D300358C5E /* 702-share-toolbar.png */; };
		6EB33B6419DE79D300358C5E /* 702-share-toolbar@2x.png in Resources */ = {isa = PBXBuildFile; fileRef = 6EB33B5719DE79D300358C5E /* 702-share-toolbar@2x.png */; };
		6EB33B6519DE79D300358C5E /* 723-location-arrow-toolbar.png in Resources */ = {isa = PBXBuildFile; fileRef = 6EB33B5819DE79D300358C5E /* 723-location-arrow-toolbar.png */; };
		6EB33B6619DE79D300358C5E /* 723-location-arrow-toolbar@2x.png in Resources */ = {isa = PBXBuildFile; fileRef = 6EB33B5919DE79D300358C5E /* 723-location-arrow-toolbar@2x.png */; };
		6EB33B6719DE79D300358C5E /* 740-gear-toolbar.png in Resources */ = {isa = PBXBuildFile; fileRef = 6EB33B5A19DE79D300358C5E /* 740-gear-toolbar.png */; };
		6EB33B6819DE79D300358C5E /* 740-gear-toolbar@2x.png in Resources */ = {isa = PBXBuildFile; fileRef = 6EB33B5B19DE79D300358C5E /* 740-gear-toolbar@2x.png */; };
		6EB33B6919DE79D300358C5E /* 832-stack-1-toolbar.png in Resources */ = {isa = PBXBuildFile; fileRef = 6EB33B5C19DE79D300358C5E /* 832-stack-1-toolbar.png */; };
		6EB33B6A19DE79D300358C5E /* 832-stack-1-toolbar@2x.png in Resources */ = {isa = PBXBuildFile; fileRef = 6EB33B5D19DE79D300358C5E /* 832-stack-1-toolbar@2x.png */; };
		6EB33B6B19DE79D300358C5E /* interstate_lines.shp in Resources */ = {isa = PBXBuildFile; fileRef = 6EB33B5E19DE79D300358C5E /* interstate_lines.shp */; };
		6EB33B6C19DE79D300358C5E /* state_lines.shp in Resources */ = {isa = PBXBuildFile; fileRef = 6EB33B5F19DE79D300358C5E /* state_lines.shp */; };
		6EB33B7419DF27F100358C5E /* LineLayer.m in Sources */ = {isa = PBXBuildFile; fileRef = 6EB33B7319DF27F100358C5E /* LineLayer.m */; };
		6EB33B7719DF27F800358C5E /* RadarLayer.m in Sources */ = {isa = PBXBuildFile; fileRef = 6EB33B7619DF27F800358C5E /* RadarLayer.m */; };
		6EB33B7B19DF5C3900358C5E /* lines_fragment.glsl in Resources */ = {isa = PBXBuildFile; fileRef = 6EB33B7919DF5C3900358C5E /* lines_fragment.glsl */; };
		6EB33B7F19DF5C4C00358C5E /* lines_vertex.glsl in Resources */ = {isa = PBXBuildFile; fileRef = 6EB33B7D19DF5C4C00358C5E /* lines_vertex.glsl */; };
		6EB33B8319DF5C5A00358C5E /* radar_fragment.glsl in Resources */ = {isa = PBXBuildFile; fileRef = 6EB33B8119DF5C5A00358C5E /* radar_fragment.glsl */; };
		6EB33B8619DF5C6600358C5E /* radar_vertex.glsl in Resources */ = {isa = PBXBuildFile; fileRef = 6EB33B8519DF5C6600358C5E /* radar_vertex.glsl */; };
		6EB33B8919E08F0600358C5E /* LayerSelectorViewController.m in Sources */ = {isa = PBXBuildFile; fileRef = 6EB33B8819E08F0600358C5E /* LayerSelectorViewController.m */; };
		6EB33B8C19E0D11B00358C5E /* KTBW-new.bin in Resources */ = {isa = PBXBuildFile; fileRef = 6EB33B8B19E0D11B00358C5E /* KTBW-new.bin */; };
		6EB33B8E19E1E47E00358C5E /* KMPX_2014-10-03T04-14-00.bin in Resources */ = {isa = PBXBuildFile; fileRef = 6EB33B8D19E1E47E00358C5E /* KMPX_2014-10-03T04-14-00.bin */; };
		6EB33B9019E1E5DA00358C5E /* KMPX_2014-09-30T03-28-00.bin in Resources */ = {isa = PBXBuildFile; fileRef = 6EB33B8F19E1E5DA00358C5E /* KMPX_2014-09-30T03-28-00.bin */; };
/* End PBXBuildFile section */

/* Begin PBXContainerItemProxy section */
		6EB33B0219DE3E6C00358C5E /* PBXContainerItemProxy */ = {
			isa = PBXContainerItemProxy;
			containerPortal = 6EB33AE019DE3E6B00358C5E /* Project object */;
			proxyType = 1;
			remoteGlobalIDString = 6EB33AE719DE3E6B00358C5E;
			remoteInfo = WeatherRadar;
		};
/* End PBXContainerItemProxy section */

/* Begin PBXFileReference section */
		6E19A66719ECDBD70007EEF8 /* testfile3.bin */ = {isa = PBXFileReference; lastKnownFileType = archive.macbinary; path = testfile3.bin; sourceTree = "<group>"; };
		6E19A66919ECDE320007EEF8 /* radarparser.c */ = {isa = PBXFileReference; fileEncoding = 4; lastKnownFileType = sourcecode.c.c; path = radarparser.c; sourceTree = "<group>"; };
		6E19A66A19ECDE320007EEF8 /* radarparser.h */ = {isa = PBXFileReference; fileEncoding = 4; lastKnownFileType = sourcecode.c.h; path = radarparser.h; sourceTree = "<group>"; };
		6E262ABA19E2471E00F5BADE /* level3test8.bin */ = {isa = PBXFileReference; lastKnownFileType = archive.macbinary; path = level3test8.bin; sourceTree = "<group>"; };
		6E262ABC19E2497000F5BADE /* level3test9.bin */ = {isa = PBXFileReference; fileEncoding = 4; lastKnownFileType = archive.macbinary; path = level3test9.bin; sourceTree = "<group>"; };
		6EB33AE819DE3E6B00358C5E /* WeatherRadar.app */ = {isa = PBXFileReference; explicitFileType = wrapper.application; includeInIndex = 0; path = WeatherRadar.app; sourceTree = BUILT_PRODUCTS_DIR; };
		6EB33AEC19DE3E6C00358C5E /* Info.plist */ = {isa = PBXFileReference; lastKnownFileType = text.plist.xml; path = Info.plist; sourceTree = "<group>"; };
		6EB33AED19DE3E6C00358C5E /* main.m */ = {isa = PBXFileReference; lastKnownFileType = sourcecode.c.objc; path = main.m; sourceTree = "<group>"; };
		6EB33AEF19DE3E6C00358C5E /* AppDelegate.h */ = {isa = PBXFileReference; lastKnownFileType = sourcecode.c.h; path = AppDelegate.h; sourceTree = "<group>"; };
		6EB33AF019DE3E6C00358C5E /* AppDelegate.m */ = {isa = PBXFileReference; lastKnownFileType = sourcecode.c.objc; path = AppDelegate.m; sourceTree = "<group>"; };
		6EB33AF219DE3E6C00358C5E /* RadarViewController.h */ = {isa = PBXFileReference; lastKnownFileType = sourcecode.c.h; path = RadarViewController.h; sourceTree = "<group>"; };
		6EB33AF319DE3E6C00358C5E /* RadarViewController.m */ = {isa = PBXFileReference; lastKnownFileType = sourcecode.c.objc; path = RadarViewController.m; sourceTree = "<group>"; };
		6EB33AF619DE3E6C00358C5E /* Base */ = {isa = PBXFileReference; lastKnownFileType = file.storyboard; name = Base; path = Base.lproj/Main.storyboard; sourceTree = "<group>"; };
		6EB33AF819DE3E6C00358C5E /* Images.xcassets */ = {isa = PBXFileReference; lastKnownFileType = folder.assetcatalog; path = Images.xcassets; sourceTree = "<group>"; };
		6EB33AFB19DE3E6C00358C5E /* Base */ = {isa = PBXFileReference; lastKnownFileType = file.xib; name = Base; path = Base.lproj/LaunchScreen.xib; sourceTree = "<group>"; };
		6EB33B0119DE3E6C00358C5E /* WeatherRadarTests.xctest */ = {isa = PBXFileReference; explicitFileType = wrapper.cfbundle; includeInIndex = 0; path = WeatherRadarTests.xctest; sourceTree = BUILT_PRODUCTS_DIR; };
		6EB33B0619DE3E6C00358C5E /* Info.plist */ = {isa = PBXFileReference; lastKnownFileType = text.plist.xml; path = Info.plist; sourceTree = "<group>"; };
		6EB33B0719DE3E6C00358C5E /* WeatherRadarTests.m */ = {isa = PBXFileReference; lastKnownFileType = sourcecode.c.objc; path = WeatherRadarTests.m; sourceTree = "<group>"; };
		6EB33B1519DE3F9A00358C5E /* DFPBannerView.h */ = {isa = PBXFileReference; fileEncoding = 4; lastKnownFileType = sourcecode.c.h; path = DFPBannerView.h; sourceTree = "<group>"; };
		6EB33B1619DE3F9A00358C5E /* DFPExtras.h */ = {isa = PBXFileReference; fileEncoding = 4; lastKnownFileType = sourcecode.c.h; path = DFPExtras.h; sourceTree = "<group>"; };
		6EB33B1719DE3F9A00358C5E /* DFPInterstitial.h */ = {isa = PBXFileReference; fileEncoding = 4; lastKnownFileType = sourcecode.c.h; path = DFPInterstitial.h; sourceTree = "<group>"; };
		6EB33B1819DE3F9A00358C5E /* DFPSwipeableBannerView.h */ = {isa = PBXFileReference; fileEncoding = 4; lastKnownFileType = sourcecode.c.h; path = DFPSwipeableBannerView.h; sourceTree = "<group>"; };
		6EB33B1919DE3F9A00358C5E /* GADAdSizeDelegate.h */ = {isa = PBXFileReference; fileEncoding = 4; lastKnownFileType = sourcecode.c.h; path = GADAdSizeDelegate.h; sourceTree = "<group>"; };
		6EB33B1A19DE3F9A00358C5E /* GADAppEventDelegate.h */ = {isa = PBXFileReference; fileEncoding = 4; lastKnownFileType = sourcecode.c.h; path = GADAppEventDelegate.h; sourceTree = "<group>"; };
		6EB33B1B19DE3F9A00358C5E /* GADSwipeableBannerViewDelegate.h */ = {isa = PBXFileReference; fileEncoding = 4; lastKnownFileType = sourcecode.c.h; path = GADSwipeableBannerViewDelegate.h; sourceTree = "<group>"; };
		6EB33B1D19DE3F9A00358C5E /* GADCustomEventBanner.h */ = {isa = PBXFileReference; fileEncoding = 4; lastKnownFileType = sourcecode.c.h; path = GADCustomEventBanner.h; sourceTree = "<group>"; };
		6EB33B1E19DE3F9A00358C5E /* GADCustomEventBannerDelegate.h */ = {isa = PBXFileReference; fileEncoding = 4; lastKnownFileType = sourcecode.c.h; path = GADCustomEventBannerDelegate.h; sourceTree = "<group>"; };
		6EB33B1F19DE3F9A00358C5E /* GADCustomEventExtras.h */ = {isa = PBXFileReference; fileEncoding = 4; lastKnownFileType = sourcecode.c.h; path = GADCustomEventExtras.h; sourceTree = "<group>"; };
		6EB33B2019DE3F9A00358C5E /* GADCustomEventInterstitial.h */ = {isa = PBXFileReference; fileEncoding = 4; lastKnownFileType = sourcecode.c.h; path = GADCustomEventInterstitial.h; sourceTree = "<group>"; };
		6EB33B2119DE3F9A00358C5E /* GADCustomEventInterstitialDelegate.h */ = {isa = PBXFileReference; fileEncoding = 4; lastKnownFileType = sourcecode.c.h; path = GADCustomEventInterstitialDelegate.h; sourceTree = "<group>"; };
		6EB33B2219DE3F9A00358C5E /* GADCustomEventRequest.h */ = {isa = PBXFileReference; fileEncoding = 4; lastKnownFileType = sourcecode.c.h; path = GADCustomEventRequest.h; sourceTree = "<group>"; };
		6EB33B2419DE3F9A00358C5E /* GADSearchBannerView.h */ = {isa = PBXFileReference; fileEncoding = 4; lastKnownFileType = sourcecode.c.h; path = GADSearchBannerView.h; sourceTree = "<group>"; };
		6EB33B2519DE3F9A00358C5E /* GADSearchRequest.h */ = {isa = PBXFileReference; fileEncoding = 4; lastKnownFileType = sourcecode.c.h; path = GADSearchRequest.h; sourceTree = "<group>"; };
		6EB33B2619DE3F9A00358C5E /* GADAdMobExtras.h */ = {isa = PBXFileReference; fileEncoding = 4; lastKnownFileType = sourcecode.c.h; path = GADAdMobExtras.h; sourceTree = "<group>"; };
		6EB33B2719DE3F9A00358C5E /* GADAdNetworkExtras.h */ = {isa = PBXFileReference; fileEncoding = 4; lastKnownFileType = sourcecode.c.h; path = GADAdNetworkExtras.h; sourceTree = "<group>"; };
		6EB33B2819DE3F9A00358C5E /* GADAdSize.h */ = {isa = PBXFileReference; fileEncoding = 4; lastKnownFileType = sourcecode.c.h; path = GADAdSize.h; sourceTree = "<group>"; };
		6EB33B2919DE3F9A00358C5E /* GADBannerView.h */ = {isa = PBXFileReference; fileEncoding = 4; lastKnownFileType = sourcecode.c.h; path = GADBannerView.h; sourceTree = "<group>"; };
		6EB33B2A19DE3F9A00358C5E /* GADBannerViewDelegate.h */ = {isa = PBXFileReference; fileEncoding = 4; lastKnownFileType = sourcecode.c.h; path = GADBannerViewDelegate.h; sourceTree = "<group>"; };
		6EB33B2B19DE3F9A00358C5E /* GADInAppPurchase.h */ = {isa = PBXFileReference; fileEncoding = 4; lastKnownFileType = sourcecode.c.h; path = GADInAppPurchase.h; sourceTree = "<group>"; };
		6EB33B2C19DE3F9A00358C5E /* GADInAppPurchaseDelegate.h */ = {isa = PBXFileReference; fileEncoding = 4; lastKnownFileType = sourcecode.c.h; path = GADInAppPurchaseDelegate.h; sourceTree = "<group>"; };
		6EB33B2D19DE3F9A00358C5E /* GADInterstitial.h */ = {isa = PBXFileReference; fileEncoding = 4; lastKnownFileType = sourcecode.c.h; path = GADInterstitial.h; sourceTree = "<group>"; };
		6EB33B2E19DE3F9A00358C5E /* GADInterstitialDelegate.h */ = {isa = PBXFileReference; fileEncoding = 4; lastKnownFileType = sourcecode.c.h; path = GADInterstitialDelegate.h; sourceTree = "<group>"; };
		6EB33B2F19DE3F9A00358C5E /* GADModules.h */ = {isa = PBXFileReference; fileEncoding = 4; lastKnownFileType = sourcecode.c.h; path = GADModules.h; sourceTree = "<group>"; };
		6EB33B3019DE3F9A00358C5E /* GADRequest.h */ = {isa = PBXFileReference; fileEncoding = 4; lastKnownFileType = sourcecode.c.h; path = GADRequest.h; sourceTree = "<group>"; };
		6EB33B3119DE3F9A00358C5E /* GADRequestError.h */ = {isa = PBXFileReference; fileEncoding = 4; lastKnownFileType = sourcecode.c.h; path = GADRequestError.h; sourceTree = "<group>"; };
		6EB33B3219DE3F9A00358C5E /* libGoogleAdMobAds.a */ = {isa = PBXFileReference; lastKnownFileType = archive.ar; path = libGoogleAdMobAds.a; sourceTree = "<group>"; };
		6EB33B3319DE3F9A00358C5E /* README.txt */ = {isa = PBXFileReference; fileEncoding = 4; lastKnownFileType = text; path = README.txt; sourceTree = "<group>"; };
		6EB33B3619DE3FBF00358C5E /* AdSupport.framework */ = {isa = PBXFileReference; lastKnownFileType = wrapper.framework; name = AdSupport.framework; path = System/Library/Frameworks/AdSupport.framework; sourceTree = SDKROOT; };
		6EB33B3819DE3FC500358C5E /* AudioToolbox.framework */ = {isa = PBXFileReference; lastKnownFileType = wrapper.framework; name = AudioToolbox.framework; path = System/Library/Frameworks/AudioToolbox.framework; sourceTree = SDKROOT; };
		6EB33B3A19DE3FCA00358C5E /* AVFoundation.framework */ = {isa = PBXFileReference; lastKnownFileType = wrapper.framework; name = AVFoundation.framework; path = System/Library/Frameworks/AVFoundation.framework; sourceTree = SDKROOT; };
		6EB33B3C19DE3FD400358C5E /* CoreFoundation.framework */ = {isa = PBXFileReference; lastKnownFileType = wrapper.framework; name = CoreFoundation.framework; path = System/Library/Frameworks/CoreFoundation.framework; sourceTree = SDKROOT; };
		6EB33B3E19DE3FD900358C5E /* CoreTelephony.framework */ = {isa = PBXFileReference; lastKnownFileType = wrapper.framework; name = CoreTelephony.framework; path = System/Library/Frameworks/CoreTelephony.framework; sourceTree = SDKROOT; };
		6EB33B4019DE3FDE00358C5E /* MessageUI.framework */ = {isa = PBXFileReference; lastKnownFileType = wrapper.framework; name = MessageUI.framework; path = System/Library/Frameworks/MessageUI.framework; sourceTree = SDKROOT; };
		6EB33B4219DE3FE300358C5E /* StoreKit.framework */ = {isa = PBXFileReference; lastKnownFileType = wrapper.framework; name = StoreKit.framework; path = System/Library/Frameworks/StoreKit.framework; sourceTree = SDKROOT; };
		6EB33B4419DE3FEA00358C5E /* SystemConfiguration.framework */ = {isa = PBXFileReference; lastKnownFileType = wrapper.framework; name = SystemConfiguration.framework; path = System/Library/Frameworks/SystemConfiguration.framework; sourceTree = SDKROOT; };
		6EB33B4619DE412E00358C5E /* EventKit.framework */ = {isa = PBXFileReference; lastKnownFileType = wrapper.framework; name = EventKit.framework; path = System/Library/Frameworks/EventKit.framework; sourceTree = SDKROOT; };
		6EB33B4819DE413400358C5E /* EventKitUI.framework */ = {isa = PBXFileReference; lastKnownFileType = wrapper.framework; name = EventKitUI.framework; path = System/Library/Frameworks/EventKitUI.framework; sourceTree = SDKROOT; };
		6EB33B4C19DE4E0900358C5E /* GLKit.framework */ = {isa = PBXFileReference; lastKnownFileType = wrapper.framework; name = GLKit.framework; path = System/Library/Frameworks/GLKit.framework; sourceTree = SDKROOT; };
		6EB33B4E19DE4E0D00358C5E /* OpenGLES.framework */ = {isa = PBXFileReference; lastKnownFileType = wrapper.framework; name = OpenGLES.framework; path = System/Library/Frameworks/OpenGLES.framework; sourceTree = SDKROOT; };
		6EB33B5019DE74FF00358C5E /* QuartzCore.framework */ = {isa = PBXFileReference; lastKnownFileType = wrapper.framework; name = QuartzCore.framework; path = System/Library/Frameworks/QuartzCore.framework; sourceTree = SDKROOT; };
		6EB33B5319DE79D300358C5E /* county_lines.shp */ = {isa = PBXFileReference; lastKnownFileType = file; path = county_lines.shp; sourceTree = "<group>"; };
		6EB33B5619DE79D300358C5E /* 702-share-toolbar.png */ = {isa = PBXFileReference; lastKnownFileType = image.png; path = "702-share-toolbar.png"; sourceTree = "<group>"; };
		6EB33B5719DE79D300358C5E /* 702-share-toolbar@2x.png */ = {isa = PBXFileReference; lastKnownFileType = image.png; path = "702-share-toolbar@2x.png"; sourceTree = "<group>"; };
		6EB33B5819DE79D300358C5E /* 723-location-arrow-toolbar.png */ = {isa = PBXFileReference; lastKnownFileType = image.png; path = "723-location-arrow-toolbar.png"; sourceTree = "<group>"; };
		6EB33B5919DE79D300358C5E /* 723-location-arrow-toolbar@2x.png */ = {isa = PBXFileReference; lastKnownFileType = image.png; path = "723-location-arrow-toolbar@2x.png"; sourceTree = "<group>"; };
		6EB33B5A19DE79D300358C5E /* 740-gear-toolbar.png */ = {isa = PBXFileReference; lastKnownFileType = image.png; path = "740-gear-toolbar.png"; sourceTree = "<group>"; };
		6EB33B5B19DE79D300358C5E /* 740-gear-toolbar@2x.png */ = {isa = PBXFileReference; lastKnownFileType = image.png; path = "740-gear-toolbar@2x.png"; sourceTree = "<group>"; };
		6EB33B5C19DE79D300358C5E /* 832-stack-1-toolbar.png */ = {isa = PBXFileReference; lastKnownFileType = image.png; path = "832-stack-1-toolbar.png"; sourceTree = "<group>"; };
		6EB33B5D19DE79D300358C5E /* 832-stack-1-toolbar@2x.png */ = {isa = PBXFileReference; lastKnownFileType = image.png; path = "832-stack-1-toolbar@2x.png"; sourceTree = "<group>"; };
		6EB33B5E19DE79D300358C5E /* interstate_lines.shp */ = {isa = PBXFileReference; lastKnownFileType = file; path = interstate_lines.shp; sourceTree = "<group>"; };
		6EB33B5F19DE79D300358C5E /* state_lines.shp */ = {isa = PBXFileReference; lastKnownFileType = file; path = state_lines.shp; sourceTree = "<group>"; };
		6EB33B7219DF27F100358C5E /* LineLayer.h */ = {isa = PBXFileReference; fileEncoding = 4; lastKnownFileType = sourcecode.c.h; path = LineLayer.h; sourceTree = "<group>"; };
		6EB33B7319DF27F100358C5E /* LineLayer.m */ = {isa = PBXFileReference; fileEncoding = 4; lastKnownFileType = sourcecode.c.objc; path = LineLayer.m; sourceTree = "<group>"; };
		6EB33B7519DF27F800358C5E /* RadarLayer.h */ = {isa = PBXFileReference; fileEncoding = 4; lastKnownFileType = sourcecode.c.h; path = RadarLayer.h; sourceTree = "<group>"; };
		6EB33B7619DF27F800358C5E /* RadarLayer.m */ = {isa = PBXFileReference; fileEncoding = 4; lastKnownFileType = sourcecode.c.objc; path = RadarLayer.m; sourceTree = "<group>"; };
		6EB33B7919DF5C3900358C5E /* lines_fragment.glsl */ = {isa = PBXFileReference; fileEncoding = 4; lastKnownFileType = text; path = lines_fragment.glsl; sourceTree = "<group>"; };
		6EB33B7D19DF5C4C00358C5E /* lines_vertex.glsl */ = {isa = PBXFileReference; fileEncoding = 4; lastKnownFileType = text; path = lines_vertex.glsl; sourceTree = "<group>"; };
		6EB33B8119DF5C5A00358C5E /* radar_fragment.glsl */ = {isa = PBXFileReference; fileEncoding = 4; lastKnownFileType = text; path = radar_fragment.glsl; sourceTree = "<group>"; };
		6EB33B8519DF5C6600358C5E /* radar_vertex.glsl */ = {isa = PBXFileReference; fileEncoding = 4; lastKnownFileType = text; path = radar_vertex.glsl; sourceTree = "<group>"; };
		6EB33B8719E08F0600358C5E /* LayerSelectorViewController.h */ = {isa = PBXFileReference; fileEncoding = 4; lastKnownFileType = sourcecode.c.h; path = LayerSelectorViewController.h; sourceTree = "<group>"; };
		6EB33B8819E08F0600358C5E /* LayerSelectorViewController.m */ = {isa = PBXFileReference; fileEncoding = 4; lastKnownFileType = sourcecode.c.objc; path = LayerSelectorViewController.m; sourceTree = "<group>"; };
		6EB33B8B19E0D11B00358C5E /* KTBW-new.bin */ = {isa = PBXFileReference; lastKnownFileType = archive.macbinary; path = "KTBW-new.bin"; sourceTree = "<group>"; };
		6EB33B8D19E1E47E00358C5E /* KMPX_2014-10-03T04-14-00.bin */ = {isa = PBXFileReference; lastKnownFileType = archive.macbinary; path = "KMPX_2014-10-03T04-14-00.bin"; sourceTree = "<group>"; };
		6EB33B8F19E1E5DA00358C5E /* KMPX_2014-09-30T03-28-00.bin */ = {isa = PBXFileReference; lastKnownFileType = archive.macbinary; path = "KMPX_2014-09-30T03-28-00.bin"; sourceTree = "<group>"; };
/* End PBXFileReference section */

/* Begin PBXFrameworksBuildPhase section */
		6EB33AE519DE3E6B00358C5E /* Frameworks */ = {
			isa = PBXFrameworksBuildPhase;
			buildActionMask = 2147483647;
			files = (
				6EB33B5119DE74FF00358C5E /* QuartzCore.framework in Frameworks */,
				6EB33B4F19DE4E0D00358C5E /* OpenGLES.framework in Frameworks */,
				6EB33B4D19DE4E0900358C5E /* GLKit.framework in Frameworks */,
				6EB33B4919DE413400358C5E /* EventKitUI.framework in Frameworks */,
				6EB33B4B19DE417E00358C5E /* EventKit.framework in Frameworks */,
				6EB33B4519DE3FEA00358C5E /* SystemConfiguration.framework in Frameworks */,
				6EB33B4319DE3FE300358C5E /* StoreKit.framework in Frameworks */,
				6EB33B4119DE3FDE00358C5E /* MessageUI.framework in Frameworks */,
				6EB33B3F19DE3FD900358C5E /* CoreTelephony.framework in Frameworks */,
				6EB33B3D19DE3FD400358C5E /* CoreFoundation.framework in Frameworks */,
				6EB33B3B19DE3FCA00358C5E /* AVFoundation.framework in Frameworks */,
				6EB33B3919DE3FC500358C5E /* AudioToolbox.framework in Frameworks */,
				6EB33B3719DE3FBF00358C5E /* AdSupport.framework in Frameworks */,
				6EB33B3419DE3F9A00358C5E /* libGoogleAdMobAds.a in Frameworks */,
			);
			runOnlyForDeploymentPostprocessing = 0;
		};
		6EB33AFE19DE3E6C00358C5E /* Frameworks */ = {
			isa = PBXFrameworksBuildPhase;
			buildActionMask = 2147483647;
			files = (
			);
			runOnlyForDeploymentPostprocessing = 0;
		};
/* End PBXFrameworksBuildPhase section */

/* Begin PBXGroup section */
		6EB33ADF19DE3E6B00358C5E = {
			isa = PBXGroup;
			children = (
				6EB33AEA19DE3E6B00358C5E /* WeatherRadar */,
				6EB33B0419DE3E6C00358C5E /* WeatherRadarTests */,
				6EB33AE919DE3E6B00358C5E /* Products */,
			);
			sourceTree = "<group>";
		};
		6EB33AE919DE3E6B00358C5E /* Products */ = {
			isa = PBXGroup;
			children = (
				6EB33AE819DE3E6B00358C5E /* WeatherRadar.app */,
				6EB33B0119DE3E6C00358C5E /* WeatherRadarTests.xctest */,
			);
			name = Products;
			sourceTree = "<group>";
		};
		6EB33AEA19DE3E6B00358C5E /* WeatherRadar */ = {
			isa = PBXGroup;
			children = (
				6EB33B7119DF27E700358C5E /* Layers */,
				6EB33B5219DE79D300358C5E /* Assets */,
				6EB33B1119DE3F9A00358C5E /* Lib */,
				6EB33AEF19DE3E6C00358C5E /* AppDelegate.h */,
				6EB33AF019DE3E6C00358C5E /* AppDelegate.m */,
				6EB33AF219DE3E6C00358C5E /* RadarViewController.h */,
				6EB33AF319DE3E6C00358C5E /* RadarViewController.m */,
				6EB33B8719E08F0600358C5E /* LayerSelectorViewController.h */,
				6EB33B8819E08F0600358C5E /* LayerSelectorViewController.m */,
				6EB33AF519DE3E6C00358C5E /* Main.storyboard */,
				6EB33AF819DE3E6C00358C5E /* Images.xcassets */,
				6EB33AFA19DE3E6C00358C5E /* LaunchScreen.xib */,
				6EB33AEB19DE3E6C00358C5E /* Supporting Files */,
			);
			path = WeatherRadar;
			sourceTree = "<group>";
		};
		6EB33AEB19DE3E6C00358C5E /* Supporting Files */ = {
			isa = PBXGroup;
			children = (
				6EB33AEC19DE3E6C00358C5E /* Info.plist */,
				6EB33AED19DE3E6C00358C5E /* main.m */,
			);
			name = "Supporting Files";
			sourceTree = "<group>";
		};
		6EB33B0419DE3E6C00358C5E /* WeatherRadarTests */ = {
			isa = PBXGroup;
			children = (
				6EB33B0719DE3E6C00358C5E /* WeatherRadarTests.m */,
				6EB33B0519DE3E6C00358C5E /* Supporting Files */,
			);
			path = WeatherRadarTests;
			sourceTree = "<group>";
		};
		6EB33B0519DE3E6C00358C5E /* Supporting Files */ = {
			isa = PBXGroup;
			children = (
				6EB33B0619DE3E6C00358C5E /* Info.plist */,
			);
			name = "Supporting Files";
			sourceTree = "<group>";
		};
		6EB33B1119DE3F9A00358C5E /* Lib */ = {
			isa = PBXGroup;
			children = (
				6EB33B5019DE74FF00358C5E /* QuartzCore.framework */,
				6EB33B4E19DE4E0D00358C5E /* OpenGLES.framework */,
				6EB33B4C19DE4E0900358C5E /* GLKit.framework */,
				6EB33B4819DE413400358C5E /* EventKitUI.framework */,
				6EB33B4619DE412E00358C5E /* EventKit.framework */,
				6EB33B4419DE3FEA00358C5E /* SystemConfiguration.framework */,
				6EB33B4219DE3FE300358C5E /* StoreKit.framework */,
				6EB33B4019DE3FDE00358C5E /* MessageUI.framework */,
				6EB33B3E19DE3FD900358C5E /* CoreTelephony.framework */,
				6EB33B3C19DE3FD400358C5E /* CoreFoundation.framework */,
				6EB33B3A19DE3FCA00358C5E /* AVFoundation.framework */,
				6EB33B3819DE3FC500358C5E /* AudioToolbox.framework */,
				6EB33B3619DE3FBF00358C5E /* AdSupport.framework */,
				6EB33B1219DE3F9A00358C5E /* GoogleMobileAdsSdkiOS-6.12.0 */,
			);
			path = Lib;
			sourceTree = "<group>";
		};
		6EB33B1219DE3F9A00358C5E /* GoogleMobileAdsSdkiOS-6.12.0 */ = {
			isa = PBXGroup;
			children = (
				6EB33B1319DE3F9A00358C5E /* Add-ons */,
				6EB33B2619DE3F9A00358C5E /* GADAdMobExtras.h */,
				6EB33B2719DE3F9A00358C5E /* GADAdNetworkExtras.h */,
				6EB33B2819DE3F9A00358C5E /* GADAdSize.h */,
				6EB33B2919DE3F9A00358C5E /* GADBannerView.h */,
				6EB33B2A19DE3F9A00358C5E /* GADBannerViewDelegate.h */,
				6EB33B2B19DE3F9A00358C5E /* GADInAppPurchase.h */,
				6EB33B2C19DE3F9A00358C5E /* GADInAppPurchaseDelegate.h */,
				6EB33B2D19DE3F9A00358C5E /* GADInterstitial.h */,
				6EB33B2E19DE3F9A00358C5E /* GADInterstitialDelegate.h */,
				6EB33B2F19DE3F9A00358C5E /* GADModules.h */,
				6EB33B3019DE3F9A00358C5E /* GADRequest.h */,
				6EB33B3119DE3F9A00358C5E /* GADRequestError.h */,
				6EB33B3219DE3F9A00358C5E /* libGoogleAdMobAds.a */,
				6EB33B3319DE3F9A00358C5E /* README.txt */,
			);
			path = "GoogleMobileAdsSdkiOS-6.12.0";
			sourceTree = "<group>";
		};
		6EB33B1319DE3F9A00358C5E /* Add-ons */ = {
			isa = PBXGroup;
			children = (
				6EB33B1419DE3F9A00358C5E /* DoubleClick */,
				6EB33B1C19DE3F9A00358C5E /* Mediation */,
				6EB33B2319DE3F9A00358C5E /* Search */,
			);
			path = "Add-ons";
			sourceTree = "<group>";
		};
		6EB33B1419DE3F9A00358C5E /* DoubleClick */ = {
			isa = PBXGroup;
			children = (
				6EB33B1519DE3F9A00358C5E /* DFPBannerView.h */,
				6EB33B1619DE3F9A00358C5E /* DFPExtras.h */,
				6EB33B1719DE3F9A00358C5E /* DFPInterstitial.h */,
				6EB33B1819DE3F9A00358C5E /* DFPSwipeableBannerView.h */,
				6EB33B1919DE3F9A00358C5E /* GADAdSizeDelegate.h */,
				6EB33B1A19DE3F9A00358C5E /* GADAppEventDelegate.h */,
				6EB33B1B19DE3F9A00358C5E /* GADSwipeableBannerViewDelegate.h */,
			);
			path = DoubleClick;
			sourceTree = "<group>";
		};
		6EB33B1C19DE3F9A00358C5E /* Mediation */ = {
			isa = PBXGroup;
			children = (
				6EB33B1D19DE3F9A00358C5E /* GADCustomEventBanner.h */,
				6EB33B1E19DE3F9A00358C5E /* GADCustomEventBannerDelegate.h */,
				6EB33B1F19DE3F9A00358C5E /* GADCustomEventExtras.h */,
				6EB33B2019DE3F9A00358C5E /* GADCustomEventInterstitial.h */,
				6EB33B2119DE3F9A00358C5E /* GADCustomEventInterstitialDelegate.h */,
				6EB33B2219DE3F9A00358C5E /* GADCustomEventRequest.h */,
			);
			path = Mediation;
			sourceTree = "<group>";
		};
		6EB33B2319DE3F9A00358C5E /* Search */ = {
			isa = PBXGroup;
			children = (
				6EB33B2419DE3F9A00358C5E /* GADSearchBannerView.h */,
				6EB33B2519DE3F9A00358C5E /* GADSearchRequest.h */,
			);
			path = Search;
			sourceTree = "<group>";
		};
		6EB33B5219DE79D300358C5E /* Assets */ = {
			isa = PBXGroup;
			children = (
				6E19A66719ECDBD70007EEF8 /* testfile3.bin */,
				6E262ABC19E2497000F5BADE /* level3test9.bin */,
				6E262ABA19E2471E00F5BADE /* level3test8.bin */,
				6EB33B8F19E1E5DA00358C5E /* KMPX_2014-09-30T03-28-00.bin */,
				6EB33B8D19E1E47E00358C5E /* KMPX_2014-10-03T04-14-00.bin */,
				6EB33B8B19E0D11B00358C5E /* KTBW-new.bin */,
				6EB33B5319DE79D300358C5E /* county_lines.shp */,
				6EB33B5519DE79D300358C5E /* Images */,
				6EB33B5E19DE79D300358C5E /* interstate_lines.shp */,
				6EB33B5F19DE79D300358C5E /* state_lines.shp */,
				6EB33B7919DF5C3900358C5E /* lines_fragment.glsl */,
				6EB33B7D19DF5C4C00358C5E /* lines_vertex.glsl */,
				6EB33B8119DF5C5A00358C5E /* radar_fragment.glsl */,
				6EB33B8519DF5C6600358C5E /* radar_vertex.glsl */,
			);
			path = Assets;
			sourceTree = "<group>";
		};
		6EB33B5519DE79D300358C5E /* Images */ = {
			isa = PBXGroup;
			children = (
				6EB33B5619DE79D300358C5E /* 702-share-toolbar.png */,
				6EB33B5719DE79D300358C5E /* 702-share-toolbar@2x.png */,
				6EB33B5819DE79D300358C5E /* 723-location-arrow-toolbar.png */,
				6EB33B5919DE79D300358C5E /* 723-location-arrow-toolbar@2x.png */,
				6EB33B5A19DE79D300358C5E /* 740-gear-toolbar.png */,
				6EB33B5B19DE79D300358C5E /* 740-gear-toolbar@2x.png */,
				6EB33B5C19DE79D300358C5E /* 832-stack-1-toolbar.png */,
				6EB33B5D19DE79D300358C5E /* 832-stack-1-toolbar@2x.png */,
			);
			path = Images;
			sourceTree = "<group>";
		};
		6EB33B7119DF27E700358C5E /* Layers */ = {
			isa = PBXGroup;
			children = (
				6EB33B7219DF27F100358C5E /* LineLayer.h */,
				6EB33B7319DF27F100358C5E /* LineLayer.m */,
				6EB33B7519DF27F800358C5E /* RadarLayer.h */,
				6EB33B7619DF27F800358C5E /* RadarLayer.m */,
				6E19A66919ECDE320007EEF8 /* radarparser.c */,
				6E19A66A19ECDE320007EEF8 /* radarparser.h */,
			);
			path = Layers;
			sourceTree = "<group>";
		};
/* End PBXGroup section */

/* Begin PBXNativeTarget section */
		6EB33AE719DE3E6B00358C5E /* WeatherRadar */ = {
			isa = PBXNativeTarget;
			buildConfigurationList = 6EB33B0B19DE3E6C00358C5E /* Build configuration list for PBXNativeTarget "WeatherRadar" */;
			buildPhases = (
				6EB33AE419DE3E6B00358C5E /* Sources */,
				6EB33AE519DE3E6B00358C5E /* Frameworks */,
				6EB33AE619DE3E6B00358C5E /* Resources */,
			);
			buildRules = (
			);
			dependencies = (
			);
			name = WeatherRadar;
			productName = WeatherRadar;
			productReference = 6EB33AE819DE3E6B00358C5E /* WeatherRadar.app */;
			productType = "com.apple.product-type.application";
		};
		6EB33B0019DE3E6C00358C5E /* WeatherRadarTests */ = {
			isa = PBXNativeTarget;
			buildConfigurationList = 6EB33B0E19DE3E6C00358C5E /* Build configuration list for PBXNativeTarget "WeatherRadarTests" */;
			buildPhases = (
				6EB33AFD19DE3E6C00358C5E /* Sources */,
				6EB33AFE19DE3E6C00358C5E /* Frameworks */,
				6EB33AFF19DE3E6C00358C5E /* Resources */,
			);
			buildRules = (
			);
			dependencies = (
				6EB33B0319DE3E6C00358C5E /* PBXTargetDependency */,
			);
			name = WeatherRadarTests;
			productName = WeatherRadarTests;
			productReference = 6EB33B0119DE3E6C00358C5E /* WeatherRadarTests.xctest */;
			productType = "com.apple.product-type.bundle.unit-test";
		};
/* End PBXNativeTarget section */

/* Begin PBXProject section */
		6EB33AE019DE3E6B00358C5E /* Project object */ = {
			isa = PBXProject;
			attributes = {
				LastUpgradeCheck = 0600;
				ORGANIZATIONNAME = "Karl Bloedorn";
				TargetAttributes = {
					6EB33AE719DE3E6B00358C5E = {
						CreatedOnToolsVersion = 6.0.1;
					};
					6EB33B0019DE3E6C00358C5E = {
						CreatedOnToolsVersion = 6.0.1;
						TestTargetID = 6EB33AE719DE3E6B00358C5E;
					};
				};
			};
			buildConfigurationList = 6EB33AE319DE3E6B00358C5E /* Build configuration list for PBXProject "WeatherRadar" */;
			compatibilityVersion = "Xcode 3.2";
			developmentRegion = English;
			hasScannedForEncodings = 0;
			knownRegions = (
				en,
				Base,
			);
			mainGroup = 6EB33ADF19DE3E6B00358C5E;
			productRefGroup = 6EB33AE919DE3E6B00358C5E /* Products */;
			projectDirPath = "";
			projectRoot = "";
			targets = (
				6EB33AE719DE3E6B00358C5E /* WeatherRadar */,
				6EB33B0019DE3E6C00358C5E /* WeatherRadarTests */,
			);
		};
/* End PBXProject section */

/* Begin PBXResourcesBuildPhase section */
		6EB33AE619DE3E6B00358C5E /* Resources */ = {
			isa = PBXResourcesBuildPhase;
			buildActionMask = 2147483647;
			files = (
				6EB33B6619DE79D300358C5E /* 723-location-arrow-toolbar@2x.png in Resources */,
				6EB33B7B19DF5C3900358C5E /* lines_fragment.glsl in Resources */,
				6EB33B6519DE79D300358C5E /* 723-location-arrow-toolbar.png in Resources */,
				6EB33AF719DE3E6C00358C5E /* Main.storyboard in Resources */,
				6EB33B6C19DE79D300358C5E /* state_lines.shp in Resources */,
				6EB33B8E19E1E47E00358C5E /* KMPX_2014-10-03T04-14-00.bin in Resources */,
				6EB33B6719DE79D300358C5E /* 740-gear-toolbar.png in Resources */,
				6E262ABD19E2497000F5BADE /* level3test9.bin in Resources */,
				6EB33B8319DF5C5A00358C5E /* radar_fragment.glsl in Resources */,
				6EB33AFC19DE3E6C00358C5E /* LaunchScreen.xib in Resources */,
				6EB33B6119DE79D300358C5E /* county_lines.shp in Resources */,
				6EB33B9019E1E5DA00358C5E /* KMPX_2014-09-30T03-28-00.bin in Resources */,
				6EB33B6A19DE79D300358C5E /* 832-stack-1-toolbar@2x.png in Resources */,
				6EB33B3519DE3F9A00358C5E /* README.txt in Resources */,
				6EB33B6319DE79D300358C5E /* 702-share-toolbar.png in Resources */,
				6EB33B6419DE79D300358C5E /* 702-share-toolbar@2x.png in Resources */,
				6E19A66819ECDBD70007EEF8 /* testfile3.bin in Resources */,
				6EB33B6919DE79D300358C5E /* 832-stack-1-toolbar.png in Resources */,
				6EB33B8C19E0D11B00358C5E /* KTBW-new.bin in Resources */,
				6EB33B8619DF5C6600358C5E /* radar_vertex.glsl in Resources */,
				6EB33B6B19DE79D300358C5E /* interstate_lines.shp in Resources */,
				6E262ABB19E2471E00F5BADE /* level3test8.bin in Resources */,
				6EB33AF919DE3E6C00358C5E /* Images.xcassets in Resources */,
				6EB33B7F19DF5C4C00358C5E /* lines_vertex.glsl in Resources */,
				6EB33B6819DE79D300358C5E /* 740-gear-toolbar@2x.png in Resources */,
			);
			runOnlyForDeploymentPostprocessing = 0;
		};
		6EB33AFF19DE3E6C00358C5E /* Resources */ = {
			isa = PBXResourcesBuildPhase;
			buildActionMask = 2147483647;
			files = (
			);
			runOnlyForDeploymentPostprocessing = 0;
		};
/* End PBXResourcesBuildPhase section */

/* Begin PBXSourcesBuildPhase section */
		6EB33AE419DE3E6B00358C5E /* Sources */ = {
			isa = PBXSourcesBuildPhase;
			buildActionMask = 2147483647;
			files = (
				6EB33AF419DE3E6C00358C5E /* RadarViewController.m in Sources */,
				6EB33AF119DE3E6C00358C5E /* AppDelegate.m in Sources */,
				6EB33B7719DF27F800358C5E /* RadarLayer.m in Sources */,
				6EB33AEE19DE3E6C00358C5E /* main.m in Sources */,
				6EB33B7419DF27F100358C5E /* LineLayer.m in Sources */,
				6EB33B8919E08F0600358C5E /* LayerSelectorViewController.m in Sources */,
				6E19A66B19ECDE320007EEF8 /* radarparser.c in Sources */,
			);
			runOnlyForDeploymentPostprocessing = 0;
		};
		6EB33AFD19DE3E6C00358C5E /* Sources */ = {
			isa = PBXSourcesBuildPhase;
			buildActionMask = 2147483647;
			files = (
				6EB33B0819DE3E6C00358C5E /* WeatherRadarTests.m in Sources */,
			);
			runOnlyForDeploymentPostprocessing = 0;
		};
/* End PBXSourcesBuildPhase section */

/* Begin PBXTargetDependency section */
		6EB33B0319DE3E6C00358C5E /* PBXTargetDependency */ = {
			isa = PBXTargetDependency;
			target = 6EB33AE719DE3E6B00358C5E /* WeatherRadar */;
			targetProxy = 6EB33B0219DE3E6C00358C5E /* PBXContainerItemProxy */;
		};
/* End PBXTargetDependency section */

/* Begin PBXVariantGroup section */
		6EB33AF519DE3E6C00358C5E /* Main.storyboard */ = {
			isa = PBXVariantGroup;
			children = (
				6EB33AF619DE3E6C00358C5E /* Base */,
			);
			name = Main.storyboard;
			sourceTree = "<group>";
		};
		6EB33AFA19DE3E6C00358C5E /* LaunchScreen.xib */ = {
			isa = PBXVariantGroup;
			children = (
				6EB33AFB19DE3E6C00358C5E /* Base */,
			);
			name = LaunchScreen.xib;
			sourceTree = "<group>";
		};
/* End PBXVariantGroup section */

/* Begin XCBuildConfiguration section */
		6EB33B0919DE3E6C00358C5E /* Debug */ = {
			isa = XCBuildConfiguration;
			buildSettings = {
				ALWAYS_SEARCH_USER_PATHS = NO;
				CLANG_CXX_LANGUAGE_STANDARD = "gnu++0x";
				CLANG_CXX_LIBRARY = "libc++";
				CLANG_ENABLE_MODULES = YES;
				CLANG_ENABLE_OBJC_ARC = YES;
				CLANG_WARN_BOOL_CONVERSION = YES;
				CLANG_WARN_CONSTANT_CONVERSION = YES;
				CLANG_WARN_DIRECT_OBJC_ISA_USAGE = YES_ERROR;
				CLANG_WARN_EMPTY_BODY = YES;
				CLANG_WARN_ENUM_CONVERSION = YES;
				CLANG_WARN_INT_CONVERSION = YES;
				CLANG_WARN_OBJC_ROOT_CLASS = YES_ERROR;
				CLANG_WARN_UNREACHABLE_CODE = YES;
				CLANG_WARN__DUPLICATE_METHOD_MATCH = YES;
				"CODE_SIGN_IDENTITY[sdk=iphoneos*]" = "iPhone Developer";
				COPY_PHASE_STRIP = NO;
				ENABLE_STRICT_OBJC_MSGSEND = YES;
				GCC_C_LANGUAGE_STANDARD = gnu99;
				GCC_DYNAMIC_NO_PIC = NO;
				GCC_OPTIMIZATION_LEVEL = 0;
				GCC_PREPROCESSOR_DEFINITIONS = (
					"DEBUG=1",
					"$(inherited)",
				);
				GCC_SYMBOLS_PRIVATE_EXTERN = NO;
				GCC_WARN_64_TO_32_BIT_CONVERSION = YES;
				GCC_WARN_ABOUT_RETURN_TYPE = YES_ERROR;
				GCC_WARN_UNDECLARED_SELECTOR = YES;
				GCC_WARN_UNINITIALIZED_AUTOS = YES_AGGRESSIVE;
				GCC_WARN_UNUSED_FUNCTION = YES;
				GCC_WARN_UNUSED_VARIABLE = YES;
				IPHONEOS_DEPLOYMENT_TARGET = 8.0;
				MTL_ENABLE_DEBUG_INFO = YES;
				ONLY_ACTIVE_ARCH = YES;
				SDKROOT = iphoneos;
				TARGETED_DEVICE_FAMILY = "1,2";
			};
			name = Debug;
		};
		6EB33B0A19DE3E6C00358C5E /* Release */ = {
			isa = XCBuildConfiguration;
			buildSettings = {
				ALWAYS_SEARCH_USER_PATHS = NO;
				CLANG_CXX_LANGUAGE_STANDARD = "gnu++0x";
				CLANG_CXX_LIBRARY = "libc++";
				CLANG_ENABLE_MODULES = YES;
				CLANG_ENABLE_OBJC_ARC = YES;
				CLANG_WARN_BOOL_CONVERSION = YES;
				CLANG_WARN_CONSTANT_CONVERSION = YES;
				CLANG_WARN_DIRECT_OBJC_ISA_USAGE = YES_ERROR;
				CLANG_WARN_EMPTY_BODY = YES;
				CLANG_WARN_ENUM_CONVERSION = YES;
				CLANG_WARN_INT_CONVERSION = YES;
				CLANG_WARN_OBJC_ROOT_CLASS = YES_ERROR;
				CLANG_WARN_UNREACHABLE_CODE = YES;
				CLANG_WARN__DUPLICATE_METHOD_MATCH = YES;
				"CODE_SIGN_IDENTITY[sdk=iphoneos*]" = "iPhone Developer";
				COPY_PHASE_STRIP = YES;
				ENABLE_NS_ASSERTIONS = NO;
				ENABLE_STRICT_OBJC_MSGSEND = YES;
				GCC_C_LANGUAGE_STANDARD = gnu99;
				GCC_WARN_64_TO_32_BIT_CONVERSION = YES;
				GCC_WARN_ABOUT_RETURN_TYPE = YES_ERROR;
				GCC_WARN_UNDECLARED_SELECTOR = YES;
				GCC_WARN_UNINITIALIZED_AUTOS = YES_AGGRESSIVE;
				GCC_WARN_UNUSED_FUNCTION = YES;
				GCC_WARN_UNUSED_VARIABLE = YES;
				IPHONEOS_DEPLOYMENT_TARGET = 8.0;
				MTL_ENABLE_DEBUG_INFO = NO;
				SDKROOT = iphoneos;
				TARGETED_DEVICE_FAMILY = "1,2";
				VALIDATE_PRODUCT = YES;
			};
			name = Release;
		};
		6EB33B0C19DE3E6C00358C5E /* Debug */ = {
			isa = XCBuildConfiguration;
			buildSettings = {
				ASSETCATALOG_COMPILER_APPICON_NAME = AppIcon;
				INFOPLIST_FILE = WeatherRadar/Info.plist;
				LD_RUNPATH_SEARCH_PATHS = "$(inherited) @executable_path/Frameworks";
				LIBRARY_SEARCH_PATHS = (
					"$(inherited)",
					"$(PROJECT_DIR)/WeatherRadar/Lib/GoogleMobileAdsSdkiOS-6.12.0",
				);
				OTHER_LDFLAGS = "-ObjC";
				PRODUCT_NAME = "$(TARGET_NAME)";
			};
			name = Debug;
		};
		6EB33B0D19DE3E6C00358C5E /* Release */ = {
			isa = XCBuildConfiguration;
			buildSettings = {
				ASSETCATALOG_COMPILER_APPICON_NAME = AppIcon;
				INFOPLIST_FILE = WeatherRadar/Info.plist;
				LD_RUNPATH_SEARCH_PATHS = "$(inherited) @executable_path/Frameworks";
				LIBRARY_SEARCH_PATHS = (
					"$(inherited)",
					"$(PROJECT_DIR)/WeatherRadar/Lib/GoogleMobileAdsSdkiOS-6.12.0",
				);
				OTHER_LDFLAGS = "-ObjC";
				PRODUCT_NAME = "$(TARGET_NAME)";
			};
			name = Release;
		};
		6EB33B0F19DE3E6C00358C5E /* Debug */ = {
			isa = XCBuildConfiguration;
			buildSettings = {
				BUNDLE_LOADER = "$(TEST_HOST)";
				FRAMEWORK_SEARCH_PATHS = (
					"$(SDKROOT)/Developer/Library/Frameworks",
					"$(inherited)",
				);
				GCC_PREPROCESSOR_DEFINITIONS = (
					"DEBUG=1",
					"$(inherited)",
				);
				INFOPLIST_FILE = WeatherRadarTests/Info.plist;
				LD_RUNPATH_SEARCH_PATHS = "$(inherited) @executable_path/Frameworks @loader_path/Frameworks";
				PRODUCT_NAME = "$(TARGET_NAME)";
				TEST_HOST = "$(BUILT_PRODUCTS_DIR)/WeatherRadar.app/WeatherRadar";
			};
			name = Debug;
		};
		6EB33B1019DE3E6C00358C5E /* Release */ = {
			isa = XCBuildConfiguration;
			buildSettings = {
				BUNDLE_LOADER = "$(TEST_HOST)";
				FRAMEWORK_SEARCH_PATHS = (
					"$(SDKROOT)/Developer/Library/Frameworks",
					"$(inherited)",
				);
				INFOPLIST_FILE = WeatherRadarTests/Info.plist;
				LD_RUNPATH_SEARCH_PATHS = "$(inherited) @executable_path/Frameworks @loader_path/Frameworks";
				PRODUCT_NAME = "$(TARGET_NAME)";
				TEST_HOST = "$(BUILT_PRODUCTS_DIR)/WeatherRadar.app/WeatherRadar";
			};
			name = Release;
		};
/* End XCBuildConfiguration section */

/* Begin XCConfigurationList section */
		6EB33AE319DE3E6B00358C5E /* Build configuration list for PBXProject "WeatherRadar" */ = {
			isa = XCConfigurationList;
			buildConfigurations = (
				6EB33B0919DE3E6C00358C5E /* Debug */,
				6EB33B0A19DE3E6C00358C5E /* Release */,
			);
			defaultConfigurationIsVisible = 0;
			defaultConfigurationName = Release;
		};
		6EB33B0B19DE3E6C00358C5E /* Build configuration list for PBXNativeTarget "WeatherRadar" */ = {
			isa = XCConfigurationList;
			buildConfigurations = (
				6EB33B0C19DE3E6C00358C5E /* Debug */,
				6EB33B0D19DE3E6C00358C5E /* Release */,
			);
			defaultConfigurationIsVisible = 0;
			defaultConfigurationName = Release;
		};
		6EB33B0E19DE3E6C00358C5E /* Build configuration list for PBXNativeTarget "WeatherRadarTests" */ = {
			isa = XCConfigurationList;
			buildConfigurations = (
				6EB33B0F19DE3E6C00358C5E /* Debug */,
				6EB33B1019DE3E6C00358C5E /* Release */,
			);
			defaultConfigurationIsVisible = 0;
			defaultConfigurationName = Release;
		};
/* End XCConfigurationList section */
	};
	rootObject = 6EB33AE019DE3E6B00358C5E /* Project object */;
}
